{
  "name": "json_index",
  "version": "0.0.0",
  "dependencies": {
    "nyks": {
      "version": "0.1.3",
      "from": "nyks@",
      "dependencies": {
        "mootools": {
          "version": "1.5.1",
          "from": "mootools@*"
        },
        "mootools-more": {
          "version": "1.5.1",
          "from": "mootools-more@*"
        }
      }
    }
  }
}
